
Microsoft Visual Studio Solution File, Format Version 12.00
# Visual Studio Version 17
VisualStudioVersion = 17.0.31903.59
MinimumVisualStudioVersion = 10.0.40219.1
Project("{2150E333-8FDC-42A3-9474-1A3956D46DE8}") = "src", "src", "{827E0CD3-B72D-47B6-A68D-7590B98EB39B}"
EndProject
Project("{FAE04EC0-301F-11D3-BF4B-00C04F79EFBC}") = "ERP.Domain", "src\ERP.Domain\ERP.Domain.csproj", "{E6FBEFB7-7A74-4F18-927F-F5622F9F7511}"
EndProject
Project("{FAE04EC0-301F-11D3-BF4B-00C04F79EFBC}") = "ERP.Application", "src\ERP.Application\ERP.Application.csproj", "{1B8E55A1-4EF3-4306-ADCF-1DD24C408C47}"
EndProject
Project("{FAE04EC0-301F-11D3-BF4B-00C04F79EFBC}") = "ERP.Infrastructure", "src\ERP.Infrastructure\ERP.Infrastructure.csproj", "{B77487FC-B59A-4BE5-A695-AAB6004522E3}"
EndProject
Project("{FAE04EC0-301F-11D3-BF4B-00C04F79EFBC}") = "ERP.WebApi", "src\ERP.WebApi\ERP.WebApi.csproj", "{C40D1301-8FD1-45A8-A479-09D503496938}"
EndProject
Project("{2150E333-8FDC-42A3-9474-1A3956D46DE8}") = "tests", "tests", "{0AB3BF05-4346-4AA6-1389-037BE0695223}"
EndProject
Project("{FAE04EC0-301F-11D3-BF4B-00C04F79EFBC}") = "ERP.UnitTests", "tests\ERP.UnitTests\ERP.UnitTests.csproj", "{0361B0A0-D91D-4643-B37B-2BDF418D89D8}"
EndProject
Project("{FAE04EC0-301F-11D3-BF4B-00C04F79EFBC}") = "ERP.IntegrationTests", "tests\ERP.IntegrationTests\ERP.IntegrationTests.csproj", "{75587054-347B-46D0-8F85-4EF98360CA72}"
EndProject
Global
	GlobalSection(SolutionConfigurationPlatforms) = preSolution
		Debug|Any CPU = Debug|Any CPU
		Debug|x64 = Debug|x64
		Debug|x86 = Debug|x86
		Release|Any CPU = Release|Any CPU
		Release|x64 = Release|x64
		Release|x86 = Release|x86
	EndGlobalSection
	GlobalSection(ProjectConfigurationPlatforms) = postSolution
		{E6FBEFB7-7A74-4F18-927F-F5622F9F7511}.Debug|Any CPU.ActiveCfg = Debug|Any CPU
		{E6FBEFB7-7A74-4F18-927F-F5622F9F7511}.Debug|Any CPU.Build.0 = Debug|Any CPU
		{E6FBEFB7-7A74-4F18-927F-F5622F9F7511}.Debug|x64.ActiveCfg = Debug|Any CPU
		{E6FBEFB7-7A74-4F18-927F-F5622F9F7511}.Debug|x64.Build.0 = Debug|Any CPU
		{E6FBEFB7-7A74-4F18-927F-F5622F9F7511}.Debug|x86.ActiveCfg = Debug|Any CPU
		{E6FBEFB7-7A74-4F18-927F-F5622F9F7511}.Debug|x86.Build.0 = Debug|Any CPU
		{E6FBEFB7-7A74-4F18-927F-F5622F9F7511}.Release|Any CPU.ActiveCfg = Release|Any CPU
		{E6FBEFB7-7A74-4F18-927F-F5622F9F7511}.Release|Any CPU.Build.0 = Release|Any CPU
		{E6FBEFB7-7A74-4F18-927F-F5622F9F7511}.Release|x64.ActiveCfg = Release|Any CPU
		{E6FBEFB7-7A74-4F18-927F-F5622F9F7511}.Release|x64.Build.0 = Release|Any CPU
		{E6FBEFB7-7A74-4F18-927F-F5622F9F7511}.Release|x86.ActiveCfg = Release|Any CPU
		{E6FBEFB7-7A74-4F18-927F-F5622F9F7511}.Release|x86.Build.0 = Release|Any CPU
		{1B8E55A1-4EF3-4306-ADCF-1DD24C408C47}.Debug|Any CPU.ActiveCfg = Debug|Any CPU
		{1B8E55A1-4EF3-4306-ADCF-1DD24C408C47}.Debug|Any CPU.Build.0 = Debug|Any CPU
		{1B8E55A1-4EF3-4306-ADCF-1DD24C408C47}.Debug|x64.ActiveCfg = Debug|Any CPU
		{1B8E55A1-4EF3-4306-ADCF-1DD24C408C47}.Debug|x64.Build.0 = Debug|Any CPU
		{1B8E55A1-4EF3-4306-ADCF-1DD24C408C47}.Debug|x86.ActiveCfg = Debug|Any CPU
		{1B8E55A1-4EF3-4306-ADCF-1DD24C408C47}.Debug|x86.Build.0 = Debug|Any CPU
		{1B8E55A1-4EF3-4306-ADCF-1DD24C408C47}.Release|Any CPU.ActiveCfg = Release|Any CPU
		{1B8E55A1-4EF3-4306-ADCF-1DD24C408C47}.Release|Any CPU.Build.0 = Release|Any CPU
		{1B8E55A1-4EF3-4306-ADCF-1DD24C408C47}.Release|x64.ActiveCfg = Release|Any CPU
		{1B8E55A1-4EF3-4306-ADCF-1DD24C408C47}.Release|x64.Build.0 = Release|Any CPU
		{1B8E55A1-4EF3-4306-ADCF-1DD24C408C47}.Release|x86.ActiveCfg = Release|Any CPU
		{1B8E55A1-4EF3-4306-ADCF-1DD24C408C47}.Release|x86.Build.0 = Release|Any CPU
		{B77487FC-B59A-4BE5-A695-AAB6004522E3}.Debug|Any CPU.ActiveCfg = Debug|Any CPU
		{B77487FC-B59A-4BE5-A695-AAB6004522E3}.Debug|Any CPU.Build.0 = Debug|Any CPU
		{B77487FC-B59A-4BE5-A695-AAB6004522E3}.Debug|x64.ActiveCfg = Debug|Any CPU
		{B77487FC-B59A-4BE5-A695-AAB6004522E3}.Debug|x64.Build.0 = Debug|Any CPU
		{B77487FC-B59A-4BE5-A695-AAB6004522E3}.Debug|x86.ActiveCfg = Debug|Any CPU
		{B77487FC-B59A-4BE5-A695-AAB6004522E3}.Debug|x86.Build.0 = Debug|Any CPU
		{B77487FC-B59A-4BE5-A695-AAB6004522E3}.Release|Any CPU.ActiveCfg = Release|Any CPU
		{B77487FC-B59A-4BE5-A695-AAB6004522E3}.Release|Any CPU.Build.0 = Release|Any CPU
		{B77487FC-B59A-4BE5-A695-AAB6004522E3}.Release|x64.ActiveCfg = Release|Any CPU
		{B77487FC-B59A-4BE5-A695-AAB6004522E3}.Release|x64.Build.0 = Release|Any CPU
		{B77487FC-B59A-4BE5-A695-AAB6004522E3}.Release|x86.ActiveCfg = Release|Any CPU
		{B77487FC-B59A-4BE5-A695-AAB6004522E3}.Release|x86.Build.0 = Release|Any CPU
		{C40D1301-8FD1-45A8-A479-09D503496938}.Debug|Any CPU.ActiveCfg = Debug|Any CPU
		{C40D1301-8FD1-45A8-A479-09D503496938}.Debug|Any CPU.Build.0 = Debug|Any CPU
		{C40D1301-8FD1-45A8-A479-09D503496938}.Debug|x64.ActiveCfg = Debug|Any CPU
		{C40D1301-8FD1-45A8-A479-09D503496938}.Debug|x64.Build.0 = Debug|Any CPU
		{C40D1301-8FD1-45A8-A479-09D503496938}.Debug|x86.ActiveCfg = Debug|Any CPU
		{C40D1301-8FD1-45A8-A479-09D503496938}.Debug|x86.Build.0 = Debug|Any CPU
		{C40D1301-8FD1-45A8-A479-09D503496938}.Release|Any CPU.ActiveCfg = Release|Any CPU
		{C40D1301-8FD1-45A8-A479-09D503496938}.Release|Any CPU.Build.0 = Release|Any CPU
		{C40D1301-8FD1-45A8-A479-09D503496938}.Release|x64.ActiveCfg = Release|Any CPU
		{C40D1301-8FD1-45A8-A479-09D503496938}.Release|x64.Build.0 = Release|Any CPU
		{C40D1301-8FD1-45A8-A479-09D503496938}.Release|x86.ActiveCfg = Release|Any CPU
		{C40D1301-8FD1-45A8-A479-09D503496938}.Release|x86.Build.0 = Release|Any CPU
		{0361B0A0-D91D-4643-B37B-2BDF418D89D8}.Debug|Any CPU.ActiveCfg = Debug|Any CPU
		{0361B0A0-D91D-4643-B37B-2BDF418D89D8}.Debug|Any CPU.Build.0 = Debug|Any CPU
		{0361B0A0-D91D-4643-B37B-2BDF418D89D8}.Debug|x64.ActiveCfg = Debug|Any CPU
		{0361B0A0-D91D-4643-B37B-2BDF418D89D8}.Debug|x64.Build.0 = Debug|Any CPU
		{0361B0A0-D91D-4643-B37B-2BDF418D89D8}.Debug|x86.ActiveCfg = Debug|Any CPU
		{0361B0A0-D91D-4643-B37B-2BDF418D89D8}.Debug|x86.Build.0 = Debug|Any CPU
		{0361B0A0-D91D-4643-B37B-2BDF418D89D8}.Release|Any CPU.ActiveCfg = Release|Any CPU
		{0361B0A0-D91D-4643-B37B-2BDF418D89D8}.Release|Any CPU.Build.0 = Release|Any CPU
		{0361B0A0-D91D-4643-B37B-2BDF418D89D8}.Release|x64.ActiveCfg = Release|Any CPU
		{0361B0A0-D91D-4643-B37B-2BDF418D89D8}.Release|x64.Build.0 = Release|Any CPU
		{0361B0A0-D91D-4643-B37B-2BDF418D89D8}.Release|x86.ActiveCfg = Release|Any CPU
		{0361B0A0-D91D-4643-B37B-2BDF418D89D8}.Release|x86.Build.0 = Release|Any CPU
		{75587054-347B-46D0-8F85-4EF98360CA72}.Debug|Any CPU.ActiveCfg = Debug|Any CPU
		{75587054-347B-46D0-8F85-4EF98360CA72}.Debug|Any CPU.Build.0 = Debug|Any CPU
		{75587054-347B-46D0-8F85-4EF98360CA72}.Debug|x64.ActiveCfg = Debug|Any CPU
		{75587054-347B-46D0-8F85-4EF98360CA72}.Debug|x64.Build.0 = Debug|Any CPU
		{75587054-347B-46D0-8F85-4EF98360CA72}.Debug|x86.ActiveCfg = Debug|Any CPU
		{75587054-347B-46D0-8F85-4EF98360CA72}.Debug|x86.Build.0 = Debug|Any CPU
		{75587054-347B-46D0-8F85-4EF98360CA72}.Release|Any CPU.ActiveCfg = Release|Any CPU
		{75587054-347B-46D0-8F85-4EF98360CA72}.Release|Any CPU.Build.0 = Release|Any CPU
		{75587054-347B-46D0-8F85-4EF98360CA72}.Release|x64.ActiveCfg = Release|Any CPU
		{75587054-347B-46D0-8F85-4EF98360CA72}.Release|x64.Build.0 = Release|Any CPU
		{75587054-347B-46D0-8F85-4EF98360CA72}.Release|x86.ActiveCfg = Release|Any CPU
		{75587054-347B-46D0-8F85-4EF98360CA72}.Release|x86.Build.0 = Release|Any CPU
	EndGlobalSection
	GlobalSection(SolutionProperties) = preSolution
		HideSolutionNode = FALSE
	EndGlobalSection
	GlobalSection(NestedProjects) = preSolution
		{E6FBEFB7-7A74-4F18-927F-F5622F9F7511} = {827E0CD3-B72D-47B6-A68D-7590B98EB39B}
		{1B8E55A1-4EF3-4306-ADCF-1DD24C408C47} = {827E0CD3-B72D-47B6-A68D-7590B98EB39B}
		{B77487FC-B59A-4BE5-A695-AAB6004522E3} = {827E0CD3-B72D-47B6-A68D-7590B98EB39B}
		{C40D1301-8FD1-45A8-A479-09D503496938} = {827E0CD3-B72D-47B6-A68D-7590B98EB39B}
		{0361B0A0-D91D-4643-B37B-2BDF418D89D8} = {0AB3BF05-4346-4AA6-1389-037BE0695223}
		{75587054-347B-46D0-8F85-4EF98360CA72} = {0AB3BF05-4346-4AA6-1389-037BE0695223}
	EndGlobalSection
EndGlobal
